
Microsoft Visual Studio Solution File, Format Version 12.00
# Visual Studio 15
VisualStudioVersion = 15.0.28307.645
MinimumVisualStudioVersion = 10.0.40219.1
Project("{FAE04EC0-301F-11D3-BF4B-00C04F79EFBC}") = "Ualmarti", "Ualmarti\Ualmarti.csproj", "{AC56DB20-B431-4739-B73F-8FEEEFC36492}"
EndProject
Global
	GlobalSection(SolutionConfigurationPlatforms) = preSolution
		Debug|Any CPU = Debug|Any CPU
		Release|Any CPU = Release|Any CPU
	EndGlobalSection
	GlobalSection(ProjectConfigurationPlatforms) = postSolution
		{AC56DB20-B431-4739-B73F-8FEEEFC36492}.Debug|Any CPU.ActiveCfg = Debug|Any CPU
		{AC56DB20-B431-4739-B73F-8FEEEFC36492}.Debug|Any CPU.Build.0 = Debug|Any CPU
		{AC56DB20-B431-4739-B73F-8FEEEFC36492}.Release|Any CPU.ActiveCfg = Release|Any CPU
		{AC56DB20-B431-4739-B73F-8FEEEFC36492}.Release|Any CPU.Build.0 = Release|Any CPU
	EndGlobalSection
	GlobalSection(SolutionProperties) = preSolution
		HideSolutionNode = FALSE
	EndGlobalSection
	GlobalSection(ExtensibilityGlobals) = postSolution
		SolutionGuid = {44F17579-E58E-4016-BC68-727D39646B6D}
	EndGlobalSection
EndGlobal
